
Microsoft Visual Studio Solution File, Format Version 12.00
# Visual Studio Version 17
VisualStudioVersion = 17.11.35327.3
MinimumVisualStudioVersion = 10.0.40219.1
Project("{FAE04EC0-301F-11D3-BF4B-00C04F79EFBC}") = "Staff.Domain", "Staff.Domain\Staff.Domain.csproj", "{02B1C7D0-B080-479B-825C-2836992EA062}"
EndProject
Project("{FAE04EC0-301F-11D3-BF4B-00C04F79EFBC}") = "Staff.Tests", "Staff.Tests\Staff.Tests.csproj", "{E41F8171-E915-451C-B13F-5F3AB2EE6AF7}"
EndProject
Project("{FAE04EC0-301F-11D3-BF4B-00C04F79EFBC}") = "Staff.WebAPI", "Staff.WebAPI\Staff.WebAPI.csproj", "{BEFC61C4-4C84-4A52-990D-FD4A1CE5F273}"
EndProject
Global
	GlobalSection(SolutionConfigurationPlatforms) = preSolution
		Debug|Any CPU = Debug|Any CPU
		Release|Any CPU = Release|Any CPU
	EndGlobalSection
	GlobalSection(ProjectConfigurationPlatforms) = postSolution
		{02B1C7D0-B080-479B-825C-2836992EA062}.Debug|Any CPU.ActiveCfg = Debug|Any CPU
		{02B1C7D0-B080-479B-825C-2836992EA062}.Debug|Any CPU.Build.0 = Debug|Any CPU
		{02B1C7D0-B080-479B-825C-2836992EA062}.Release|Any CPU.ActiveCfg = Release|Any CPU
		{02B1C7D0-B080-479B-825C-2836992EA062}.Release|Any CPU.Build.0 = Release|Any CPU
		{E41F8171-E915-451C-B13F-5F3AB2EE6AF7}.Debug|Any CPU.ActiveCfg = Debug|Any CPU
		{E41F8171-E915-451C-B13F-5F3AB2EE6AF7}.Debug|Any CPU.Build.0 = Debug|Any CPU
		{E41F8171-E915-451C-B13F-5F3AB2EE6AF7}.Release|Any CPU.ActiveCfg = Release|Any CPU
		{E41F8171-E915-451C-B13F-5F3AB2EE6AF7}.Release|Any CPU.Build.0 = Release|Any CPU
		{BEFC61C4-4C84-4A52-990D-FD4A1CE5F273}.Debug|Any CPU.ActiveCfg = Debug|Any CPU
		{BEFC61C4-4C84-4A52-990D-FD4A1CE5F273}.Debug|Any CPU.Build.0 = Debug|Any CPU
		{BEFC61C4-4C84-4A52-990D-FD4A1CE5F273}.Release|Any CPU.ActiveCfg = Release|Any CPU
		{BEFC61C4-4C84-4A52-990D-FD4A1CE5F273}.Release|Any CPU.Build.0 = Release|Any CPU
	EndGlobalSection
	GlobalSection(SolutionProperties) = preSolution
		HideSolutionNode = FALSE
	EndGlobalSection
	GlobalSection(ExtensibilityGlobals) = postSolution
		SolutionGuid = {78BEC12F-1C7E-4E70-AFB1-8736DE8B8BB1}
	EndGlobalSection
EndGlobal
